
Microsoft Visual Studio Solution File, Format Version 12.00
# Visual Studio Version 16
VisualStudioVersion = 16.0.30804.86
MinimumVisualStudioVersion = 10.0.40219.1
Project("{FAE04EC0-301F-11D3-BF4B-00C04F79EFBC}") = "ToDoApplication", "ToDoApplication\ToDoApplication.csproj", "{10CBFE0C-46FB-4629-AC79-8D3FACD96BBB}"
EndProject
Project("{FAE04EC0-301F-11D3-BF4B-00C04F79EFBC}") = "TestFile", "TestFile\TestFile.csproj", "{50381E32-0960-4CD3-8E17-3BA32D41A831}"
EndProject
Project("{2150E333-8FDC-42A3-9474-1A3956D46DE8}") = "TestClass", "TestClass", "{233B75E8-B35D-4200-B742-C92F7EE2D05F}"
EndProject
Project("{FAE04EC0-301F-11D3-BF4B-00C04F79EFBC}") = "StringLineTest", "StringLineTest\StringLineTest.csproj", "{7BA7F90C-DA60-4004-93C6-44D326850E63}"
EndProject
Project("{2150E333-8FDC-42A3-9474-1A3956D46DE8}") = "TestObject", "TestObject", "{F9450DC9-15AD-4F4C-A613-081E1AA3F275}"
EndProject
Project("{FAE04EC0-301F-11D3-BF4B-00C04F79EFBC}") = "ObjectOriented", "ObjectOriented\ObjectOriented.csproj", "{9176094D-B9D3-416F-9EAE-6EA4DF4BE798}"
EndProject
Project("{FAE04EC0-301F-11D3-BF4B-00C04F79EFBC}") = "DistanceConverter", "DistanceConverter\DistanceConverter.csproj", "{809A4D81-C62A-4314-94A0-68C4BADF8008}"
EndProject
Project("{FAE04EC0-301F-11D3-BF4B-00C04F79EFBC}") = "SalesCalculator", "SalesCalculator\SalesCalculator.csproj", "{E4FD498A-9F2C-47F3-922D-22765ED60DD3}"
EndProject
Project("{FAE04EC0-301F-11D3-BF4B-00C04F79EFBC}") = "LINQ", "LINQ\LINQ.csproj", "{1E882EFD-01C9-4522-9711-41B67606FA9D}"
EndProject
Global
	GlobalSection(SolutionConfigurationPlatforms) = preSolution
		Debug|Any CPU = Debug|Any CPU
		Release|Any CPU = Release|Any CPU
	EndGlobalSection
	GlobalSection(ProjectConfigurationPlatforms) = postSolution
		{10CBFE0C-46FB-4629-AC79-8D3FACD96BBB}.Debug|Any CPU.ActiveCfg = Debug|Any CPU
		{10CBFE0C-46FB-4629-AC79-8D3FACD96BBB}.Debug|Any CPU.Build.0 = Debug|Any CPU
		{10CBFE0C-46FB-4629-AC79-8D3FACD96BBB}.Release|Any CPU.ActiveCfg = Release|Any CPU
		{10CBFE0C-46FB-4629-AC79-8D3FACD96BBB}.Release|Any CPU.Build.0 = Release|Any CPU
		{50381E32-0960-4CD3-8E17-3BA32D41A831}.Debug|Any CPU.ActiveCfg = Debug|Any CPU
		{50381E32-0960-4CD3-8E17-3BA32D41A831}.Debug|Any CPU.Build.0 = Debug|Any CPU
		{50381E32-0960-4CD3-8E17-3BA32D41A831}.Release|Any CPU.ActiveCfg = Release|Any CPU
		{50381E32-0960-4CD3-8E17-3BA32D41A831}.Release|Any CPU.Build.0 = Release|Any CPU
		{7BA7F90C-DA60-4004-93C6-44D326850E63}.Debug|Any CPU.ActiveCfg = Debug|Any CPU
		{7BA7F90C-DA60-4004-93C6-44D326850E63}.Debug|Any CPU.Build.0 = Debug|Any CPU
		{7BA7F90C-DA60-4004-93C6-44D326850E63}.Release|Any CPU.ActiveCfg = Release|Any CPU
		{7BA7F90C-DA60-4004-93C6-44D326850E63}.Release|Any CPU.Build.0 = Release|Any CPU
		{9176094D-B9D3-416F-9EAE-6EA4DF4BE798}.Debug|Any CPU.ActiveCfg = Debug|Any CPU
		{9176094D-B9D3-416F-9EAE-6EA4DF4BE798}.Debug|Any CPU.Build.0 = Debug|Any CPU
		{9176094D-B9D3-416F-9EAE-6EA4DF4BE798}.Release|Any CPU.ActiveCfg = Release|Any CPU
		{9176094D-B9D3-416F-9EAE-6EA4DF4BE798}.Release|Any CPU.Build.0 = Release|Any CPU
		{809A4D81-C62A-4314-94A0-68C4BADF8008}.Debug|Any CPU.ActiveCfg = Debug|Any CPU
		{809A4D81-C62A-4314-94A0-68C4BADF8008}.Debug|Any CPU.Build.0 = Debug|Any CPU
		{809A4D81-C62A-4314-94A0-68C4BADF8008}.Release|Any CPU.ActiveCfg = Release|Any CPU
		{809A4D81-C62A-4314-94A0-68C4BADF8008}.Release|Any CPU.Build.0 = Release|Any CPU
		{E4FD498A-9F2C-47F3-922D-22765ED60DD3}.Debug|Any CPU.ActiveCfg = Debug|Any CPU
		{E4FD498A-9F2C-47F3-922D-22765ED60DD3}.Debug|Any CPU.Build.0 = Debug|Any CPU
		{E4FD498A-9F2C-47F3-922D-22765ED60DD3}.Release|Any CPU.ActiveCfg = Release|Any CPU
		{E4FD498A-9F2C-47F3-922D-22765ED60DD3}.Release|Any CPU.Build.0 = Release|Any CPU
		{1E882EFD-01C9-4522-9711-41B67606FA9D}.Debug|Any CPU.ActiveCfg = Debug|Any CPU
		{1E882EFD-01C9-4522-9711-41B67606FA9D}.Debug|Any CPU.Build.0 = Debug|Any CPU
		{1E882EFD-01C9-4522-9711-41B67606FA9D}.Release|Any CPU.ActiveCfg = Release|Any CPU
		{1E882EFD-01C9-4522-9711-41B67606FA9D}.Release|Any CPU.Build.0 = Release|Any CPU
	EndGlobalSection
	GlobalSection(SolutionProperties) = preSolution
		HideSolutionNode = FALSE
	EndGlobalSection
	GlobalSection(NestedProjects) = preSolution
		{50381E32-0960-4CD3-8E17-3BA32D41A831} = {233B75E8-B35D-4200-B742-C92F7EE2D05F}
		{7BA7F90C-DA60-4004-93C6-44D326850E63} = {233B75E8-B35D-4200-B742-C92F7EE2D05F}
		{9176094D-B9D3-416F-9EAE-6EA4DF4BE798} = {F9450DC9-15AD-4F4C-A613-081E1AA3F275}
		{809A4D81-C62A-4314-94A0-68C4BADF8008} = {F9450DC9-15AD-4F4C-A613-081E1AA3F275}
		{E4FD498A-9F2C-47F3-922D-22765ED60DD3} = {F9450DC9-15AD-4F4C-A613-081E1AA3F275}
		{1E882EFD-01C9-4522-9711-41B67606FA9D} = {F9450DC9-15AD-4F4C-A613-081E1AA3F275}
	EndGlobalSection
	GlobalSection(ExtensibilityGlobals) = postSolution
		SolutionGuid = {770E2664-CF8E-4ACD-A86C-60BE970D1116}
	EndGlobalSection
EndGlobal
